
Microsoft Visual Studio Solution File, Format Version 12.00
# Visual Studio Version 17
VisualStudioVersion = 17.14.36310.24 d17.14
MinimumVisualStudioVersion = 10.0.40219.1
Project("{8BC9CEB8-8B4A-11D0-8D11-00A0C91BC942}") = "011", "011.vcxproj", "{AB4D9BA0-7BFE-445D-8AAB-FDC23CBBA65D}"
EndProject
Global
	GlobalSection(SolutionConfigurationPlatforms) = preSolution
		Debug|x64 = Debug|x64
		Debug|x86 = Debug|x86
		Release|x64 = Release|x64
		Release|x86 = Release|x86
	EndGlobalSection
	GlobalSection(ProjectConfigurationPlatforms) = postSolution
		{AB4D9BA0-7BFE-445D-8AAB-FDC23CBBA65D}.Debug|x64.ActiveCfg = Debug|x64
		{AB4D9BA0-7BFE-445D-8AAB-FDC23CBBA65D}.Debug|x64.Build.0 = Debug|x64
		{AB4D9BA0-7BFE-445D-8AAB-FDC23CBBA65D}.Debug|x86.ActiveCfg = Debug|Win32
		{AB4D9BA0-7BFE-445D-8AAB-FDC23CBBA65D}.Debug|x86.Build.0 = Debug|Win32
		{AB4D9BA0-7BFE-445D-8AAB-FDC23CBBA65D}.Release|x64.ActiveCfg = Release|x64
		{AB4D9BA0-7BFE-445D-8AAB-FDC23CBBA65D}.Release|x64.Build.0 = Release|x64
		{AB4D9BA0-7BFE-445D-8AAB-FDC23CBBA65D}.Release|x86.ActiveCfg = Release|Win32
		{AB4D9BA0-7BFE-445D-8AAB-FDC23CBBA65D}.Release|x86.Build.0 = Release|Win32
	EndGlobalSection
	GlobalSection(SolutionProperties) = preSolution
		HideSolutionNode = FALSE
	EndGlobalSection
	GlobalSection(ExtensibilityGlobals) = postSolution
		SolutionGuid = {D72DAB64-D28A-4B37-A49E-9786F5C65CE5}
	EndGlobalSection
EndGlobal
