
Microsoft Visual Studio Solution File, Format Version 12.00
# Visual Studio Version 17
VisualStudioVersion = 17.14.36310.24 d17.14
MinimumVisualStudioVersion = 10.0.40219.1
Project("{8BC9CEB8-8B4A-11D0-8D11-00A0C91BC942}") = "Dz_024", "Dz_024.vcxproj", "{2C3D51A8-6D3B-4142-A2B6-B987D5D333EF}"
EndProject
Global
	GlobalSection(SolutionConfigurationPlatforms) = preSolution
		Debug|x64 = Debug|x64
		Debug|x86 = Debug|x86
		Release|x64 = Release|x64
		Release|x86 = Release|x86
	EndGlobalSection
	GlobalSection(ProjectConfigurationPlatforms) = postSolution
		{2C3D51A8-6D3B-4142-A2B6-B987D5D333EF}.Debug|x64.ActiveCfg = Debug|x64
		{2C3D51A8-6D3B-4142-A2B6-B987D5D333EF}.Debug|x64.Build.0 = Debug|x64
		{2C3D51A8-6D3B-4142-A2B6-B987D5D333EF}.Debug|x86.ActiveCfg = Debug|Win32
		{2C3D51A8-6D3B-4142-A2B6-B987D5D333EF}.Debug|x86.Build.0 = Debug|Win32
		{2C3D51A8-6D3B-4142-A2B6-B987D5D333EF}.Release|x64.ActiveCfg = Release|x64
		{2C3D51A8-6D3B-4142-A2B6-B987D5D333EF}.Release|x64.Build.0 = Release|x64
		{2C3D51A8-6D3B-4142-A2B6-B987D5D333EF}.Release|x86.ActiveCfg = Release|Win32
		{2C3D51A8-6D3B-4142-A2B6-B987D5D333EF}.Release|x86.Build.0 = Release|Win32
	EndGlobalSection
	GlobalSection(SolutionProperties) = preSolution
		HideSolutionNode = FALSE
	EndGlobalSection
	GlobalSection(ExtensibilityGlobals) = postSolution
		SolutionGuid = {F88DC4F3-38C9-4B89-901C-87AAA884FE68}
	EndGlobalSection
EndGlobal
